
Microsoft Visual Studio Solution File, Format Version 12.00
Project("{FAE04EC0-301F-11D3-BF4B-00C04F79EFBC}") = "UserHCS_API", "UserHCS_API\UserHCS_API.csproj", "{968D28D0-7B25-407D-998A-A8D1EC590245}"
EndProject
Project("{2150E333-8FDC-42A3-9474-1A3956D46DE8}") = "Database", "Database", "{9B41388E-7775-4C67-829D-7BB4D09F266F}"
EndProject
Project("{FAE04EC0-301F-11D3-BF4B-00C04F79EFBC}") = "Data.Context", "Data.Context\Data.Context.csproj", "{5E7EC239-0896-4EB7-A918-20FA8104837A}"
EndProject
Project("{FAE04EC0-301F-11D3-BF4B-00C04F79EFBC}") = "Data.Models", "Data.Models\Data.Models.csproj", "{7A1EAF11-51BD-4E9D-AA1B-8CCE4A294D64}"
EndProject
Global
	GlobalSection(SolutionConfigurationPlatforms) = preSolution
		Debug|Any CPU = Debug|Any CPU
		Release|Any CPU = Release|Any CPU
	EndGlobalSection
	GlobalSection(ProjectConfigurationPlatforms) = postSolution
		{968D28D0-7B25-407D-998A-A8D1EC590245}.Debug|Any CPU.ActiveCfg = Debug|Any CPU
		{968D28D0-7B25-407D-998A-A8D1EC590245}.Debug|Any CPU.Build.0 = Debug|Any CPU
		{968D28D0-7B25-407D-998A-A8D1EC590245}.Release|Any CPU.ActiveCfg = Release|Any CPU
		{968D28D0-7B25-407D-998A-A8D1EC590245}.Release|Any CPU.Build.0 = Release|Any CPU
		{5E7EC239-0896-4EB7-A918-20FA8104837A}.Debug|Any CPU.ActiveCfg = Debug|Any CPU
		{5E7EC239-0896-4EB7-A918-20FA8104837A}.Debug|Any CPU.Build.0 = Debug|Any CPU
		{5E7EC239-0896-4EB7-A918-20FA8104837A}.Release|Any CPU.ActiveCfg = Release|Any CPU
		{5E7EC239-0896-4EB7-A918-20FA8104837A}.Release|Any CPU.Build.0 = Release|Any CPU
		{7A1EAF11-51BD-4E9D-AA1B-8CCE4A294D64}.Debug|Any CPU.ActiveCfg = Debug|Any CPU
		{7A1EAF11-51BD-4E9D-AA1B-8CCE4A294D64}.Debug|Any CPU.Build.0 = Debug|Any CPU
		{7A1EAF11-51BD-4E9D-AA1B-8CCE4A294D64}.Release|Any CPU.ActiveCfg = Release|Any CPU
		{7A1EAF11-51BD-4E9D-AA1B-8CCE4A294D64}.Release|Any CPU.Build.0 = Release|Any CPU
	EndGlobalSection
	GlobalSection(NestedProjects) = preSolution
		{5E7EC239-0896-4EB7-A918-20FA8104837A} = {9B41388E-7775-4C67-829D-7BB4D09F266F}
		{7A1EAF11-51BD-4E9D-AA1B-8CCE4A294D64} = {9B41388E-7775-4C67-829D-7BB4D09F266F}
	EndGlobalSection
EndGlobal
